
Microsoft Visual Studio Solution File, Format Version 12.00
# Visual Studio Version 17
VisualStudioVersion = 17.0.31903.59
MinimumVisualStudioVersion = 10.0.40219.1
Project("{FAE04EC0-301F-11D3-BF4B-00C04F79EFBC}") = "API", "API\API.csproj", "{6F7CC5CE-47DD-49F0-A3A9-C2F476E09F5E}"
EndProject
Project("{FAE04EC0-301F-11D3-BF4B-00C04F79EFBC}") = "Application", "Application\Application.csproj", "{18DAC106-1F83-4497-AFA5-DCEA1DD3E331}"
EndProject
Project("{FAE04EC0-301F-11D3-BF4B-00C04F79EFBC}") = "Domain", "Domain\Domain.csproj", "{112CC888-80C3-4017-B804-4DB96F12AC1E}"
EndProject
Project("{FAE04EC0-301F-11D3-BF4B-00C04F79EFBC}") = "Persistence", "Persistence\Persistence.csproj", "{08A8D55D-DEDE-49F1-8CDD-DB6739C141B0}"
EndProject
Global
	GlobalSection(SolutionConfigurationPlatforms) = preSolution
		Debug|Any CPU = Debug|Any CPU
		Release|Any CPU = Release|Any CPU
	EndGlobalSection
	GlobalSection(SolutionProperties) = preSolution
		HideSolutionNode = FALSE
	EndGlobalSection
	GlobalSection(ProjectConfigurationPlatforms) = postSolution
		{6F7CC5CE-47DD-49F0-A3A9-C2F476E09F5E}.Debug|Any CPU.ActiveCfg = Debug|Any CPU
		{6F7CC5CE-47DD-49F0-A3A9-C2F476E09F5E}.Debug|Any CPU.Build.0 = Debug|Any CPU
		{6F7CC5CE-47DD-49F0-A3A9-C2F476E09F5E}.Release|Any CPU.ActiveCfg = Release|Any CPU
		{6F7CC5CE-47DD-49F0-A3A9-C2F476E09F5E}.Release|Any CPU.Build.0 = Release|Any CPU
		{18DAC106-1F83-4497-AFA5-DCEA1DD3E331}.Debug|Any CPU.ActiveCfg = Debug|Any CPU
		{18DAC106-1F83-4497-AFA5-DCEA1DD3E331}.Debug|Any CPU.Build.0 = Debug|Any CPU
		{18DAC106-1F83-4497-AFA5-DCEA1DD3E331}.Release|Any CPU.ActiveCfg = Release|Any CPU
		{18DAC106-1F83-4497-AFA5-DCEA1DD3E331}.Release|Any CPU.Build.0 = Release|Any CPU
		{112CC888-80C3-4017-B804-4DB96F12AC1E}.Debug|Any CPU.ActiveCfg = Debug|Any CPU
		{112CC888-80C3-4017-B804-4DB96F12AC1E}.Debug|Any CPU.Build.0 = Debug|Any CPU
		{112CC888-80C3-4017-B804-4DB96F12AC1E}.Release|Any CPU.ActiveCfg = Release|Any CPU
		{112CC888-80C3-4017-B804-4DB96F12AC1E}.Release|Any CPU.Build.0 = Release|Any CPU
		{08A8D55D-DEDE-49F1-8CDD-DB6739C141B0}.Debug|Any CPU.ActiveCfg = Debug|Any CPU
		{08A8D55D-DEDE-49F1-8CDD-DB6739C141B0}.Debug|Any CPU.Build.0 = Debug|Any CPU
		{08A8D55D-DEDE-49F1-8CDD-DB6739C141B0}.Release|Any CPU.ActiveCfg = Release|Any CPU
		{08A8D55D-DEDE-49F1-8CDD-DB6739C141B0}.Release|Any CPU.Build.0 = Release|Any CPU
	EndGlobalSection
EndGlobal
